packages:
  common_cells:
    revision: 53b0b58af2db5bd3c850a7038fae170ed78326bb
    version: 1.31.1
    source:
      Git: https://github.com/pulp-platform/common_cells.git
    dependencies:
    - common_verification
    - tech_cells_generic
  common_verification:
    revision: 9c07fa860593b2caabd9b5681740c25fac04b878
    version: 0.2.3
    source:
      Git: https://github.com/pulp-platform/common_verification.git
    dependencies: []
  tbtools:
    revision: 4bc2c825df8540a0c0210ab7f484533809801fa2
    version: 0.2.1
    source:
      Git: https://github.com/pulp-platform/tbtools.git
    dependencies: []
  tech_cells_generic:
    revision: 298b7297d220ba2601d0f24f684f97ff32f61123
    version: 0.2.12
    source:
      Git: https://github.com/pulp-platform/tech_cells_generic.git
    dependencies:
    - common_verification
  udma_core:
    revision: 7af2db5ea8cee3ecfe8e0e647bbdbc7f58ecb73b
    version: 1.1.2
    source:
      Git: https://github.com/pulp-platform/udma_core.git
    dependencies:
    - common_cells
    - tech_cells_generic
  udma_uart:
    revision: 18ed1986fd62920b1065005c370fd740995cfd4a
    version: 1.0.2
    source:
      Git: https://github.com/pulp-platform/udma_uart.git
    dependencies:
    - common_cells
    - udma_core
