packages:
  common_cells:
    revision: 2bd027cb87eaa9bf7d17196ec5f69864b35b630f
    version: 1.32.0
    source:
      Git: https://github.com/pulp-platform/common_cells.git
    dependencies:
    - common_verification
    - tech_cells_generic
  common_verification:
    revision: 9c07fa860593b2caabd9b5681740c25fac04b878
    version: 0.2.3
    source:
      Git: https://github.com/pulp-platform/common_verification.git
    dependencies: []
  tbtools:
    revision: 4bc2c825df8540a0c0210ab7f484533809801fa2
    version: 0.2.1
    source:
      Git: https://github.com/pulp-platform/tbtools.git
    dependencies: []
  tech_cells_generic:
    revision: 7968dd6e6180df2c644636bc6d2908a49f2190cf
    version: 0.2.13
    source:
      Git: https://github.com/pulp-platform/tech_cells_generic.git
    dependencies:
    - common_verification
  udma_core:
    revision: 7af2db5ea8cee3ecfe8e0e647bbdbc7f58ecb73b
    version: 1.1.2
    source:
      Git: https://github.com/pulp-platform/udma_core.git
    dependencies:
    - common_cells
    - tech_cells_generic
  udma_qspi:
    revision: ddbe8a2e530a5edafc93fe1a25f47fb4b8716bd8
    version: 1.0.4
    source:
      Git: https://github.com/pulp-platform/udma_qspi.git
    dependencies:
    - common_cells
    - tech_cells_generic
    - udma_core
  udma_uart:
    revision: 18ed1986fd62920b1065005c370fd740995cfd4a
    version: 1.0.2
    source:
      Git: https://github.com/pulp-platform/udma_uart.git
    dependencies:
    - common_cells
    - udma_core
